// !$*UTF8*$!
{
	archiveVersion = 1;
	classes = {
	};
	objectVersion = 46;
	objects = {

/* Begin PBXBuildFile section */
		8032AF79154DA9A900FAAFB0 /* UIKit.framework in Frameworks */ = {isa = PBXBuildFile; fileRef = 8032AF78154DA9A900FAAFB0 /* UIKit.framework */; };
		8032AF7B154DA9A900FAAFB0 /* Foundation.framework in Frameworks */ = {isa = PBXBuildFile; fileRef = 8032AF7A154DA9A900FAAFB0 /* Foundation.framework */; };
		8032AF7D154DA9A900FAAFB0 /* CoreGraphics.framework in Frameworks */ = {isa = PBXBuildFile; fileRef = 8032AF7C154DA9A900FAAFB0 /* CoreGraphics.framework */; };
		8032AF83154DA9A900FAAFB0 /* InfoPlist.strings in Resources */ = {isa = PBXBuildFile; fileRef = 8032AF81154DA9A900FAAFB0 /* InfoPlist.strings */; };
		8032AF85154DA9A900FAAFB0 /* main.m in Sources */ = {isa = PBXBuildFile; fileRef = 8032AF84154DA9A900FAAFB0 /* main.m */; };
		8032AF89154DA9A900FAAFB0 /* AHAppDelegate.m in Sources */ = {isa = PBXBuildFile; fileRef = 8032AF88154DA9A900FAAFB0 /* AHAppDelegate.m */; };
		8032AF8C154DA9A900FAAFB0 /* AHViewController.m in Sources */ = {isa = PBXBuildFile; fileRef = 8032AF8B154DA9A900FAAFB0 /* AHViewController.m */; };
		8032AF8F154DA9A900FAAFB0 /* AHViewController.xib in Resources */ = {isa = PBXBuildFile; fileRef = 8032AF8D154DA9A900FAAFB0 /* AHViewController.xib */; };
		8032AF97154DA9DB00FAAFB0 /* AHReach.m in Sources */ = {isa = PBXBuildFile; fileRef = 8032AF96154DA9DB00FAAFB0 /* AHReach.m */; };
		8032AF99154DB7A100FAAFB0 /* SystemConfiguration.framework in Frameworks */ = {isa = PBXBuildFile; fileRef = 8032AF98154DB7A100FAAFB0 /* SystemConfiguration.framework */; };
		8032AF9C154DCB4200FAAFB0 /* Icon.png in Resources */ = {isa = PBXBuildFile; fileRef = 8032AF9A154DCB4200FAAFB0 /* Icon.png */; };
		8032AF9D154DCB4200FAAFB0 /* Icon@2x.png in Resources */ = {isa = PBXBuildFile; fileRef = 8032AF9B154DCB4200FAAFB0 /* Icon@2x.png */; };
/* End PBXBuildFile section */

/* Begin PBXFileReference section */
		8032AF74154DA9A900FAAFB0 /* AHReach.app */ = {isa = PBXFileReference; explicitFileType = wrapper.application; includeInIndex = 0; path = AHReach.app; sourceTree = BUILT_PRODUCTS_DIR; };
		8032AF78154DA9A900FAAFB0 /* UIKit.framework */ = {isa = PBXFileReference; lastKnownFileType = wrapper.framework; name = UIKit.framework; path = System/Library/Frameworks/UIKit.framework; sourceTree = SDKROOT; };
		8032AF7A154DA9A900FAAFB0 /* Foundation.framework */ = {isa = PBXFileReference; lastKnownFileType = wrapper.framework; name = Foundation.framework; path = System/Library/Frameworks/Foundation.framework; sourceTree = SDKROOT; };
		8032AF7C154DA9A900FAAFB0 /* CoreGraphics.framework */ = {isa = PBXFileReference; lastKnownFileType = wrapper.framework; name = CoreGraphics.framework; path = System/Library/Frameworks/CoreGraphics.framework; sourceTree = SDKROOT; };
		8032AF80154DA9A900FAAFB0 /* AHReach-Info.plist */ = {isa = PBXFileReference; lastKnownFileType = text.plist.xml; path = "AHReach-Info.plist"; sourceTree = "<group>"; };
		8032AF82154DA9A900FAAFB0 /* en */ = {isa = PBXFileReference; lastKnownFileType = text.plist.strings; name = en; path = en.lproj/InfoPlist.strings; sourceTree = "<group>"; };
		8032AF84154DA9A900FAAFB0 /* main.m */ = {isa = PBXFileReference; lastKnownFileType = sourcecode.c.objc; path = main.m; sourceTree = "<group>"; };
		8032AF86154DA9A900FAAFB0 /* AHReach-Prefix.pch */ = {isa = PBXFileReference; lastKnownFileType = sourcecode.c.h; path = "AHReach-Prefix.pch"; sourceTree = "<group>"; };
		8032AF87154DA9A900FAAFB0 /* AHAppDelegate.h */ = {isa = PBXFileReference; lastKnownFileType = sourcecode.c.h; path = AHAppDelegate.h; sourceTree = "<group>"; };
		8032AF88154DA9A900FAAFB0 /* AHAppDelegate.m */ = {isa = PBXFileReference; lastKnownFileType = sourcecode.c.objc; path = AHAppDelegate.m; sourceTree = "<group>"; };
		8032AF8A154DA9A900FAAFB0 /* AHViewController.h */ = {isa = PBXFileReference; lastKnownFileType = sourcecode.c.h; path = AHViewController.h; sourceTree = "<group>"; };
		8032AF8B154DA9A900FAAFB0 /* AHViewController.m */ = {isa = PBXFileReference; lastKnownFileType = sourcecode.c.objc; path = AHViewController.m; sourceTree = "<group>"; };
		8032AF8E154DA9A900FAAFB0 /* en */ = {isa = PBXFileReference; lastKnownFileType = file.xib; name = en; path = en.lproj/AHViewController.xib; sourceTree = "<group>"; };
		8032AF95154DA9DB00FAAFB0 /* AHReach.h */ = {isa = PBXFileReference; fileEncoding = 4; lastKnownFileType = sourcecode.c.h; path = AHReach.h; sourceTree = "<group>"; };
		8032AF96154DA9DB00FAAFB0 /* AHReach.m */ = {isa = PBXFileReference; fileEncoding = 4; lastKnownFileType = sourcecode.c.objc; path = AHReach.m; sourceTree = "<group>"; };
		8032AF98154DB7A100FAAFB0 /* SystemConfiguration.framework */ = {isa = PBXFileReference; lastKnownFileType = wrapper.framework; name = SystemConfiguration.framework; path = System/Library/Frameworks/SystemConfiguration.framework; sourceTree = SDKROOT; };
		8032AF9A154DCB4200FAAFB0 /* Icon.png */ = {isa = PBXFileReference; lastKnownFileType = image.png; path = Icon.png; sourceTree = SOURCE_ROOT; };
		8032AF9B154DCB4200FAAFB0 /* Icon@2x.png */ = {isa = PBXFileReference; lastKnownFileType = image.png; path = "Icon@2x.png"; sourceTree = SOURCE_ROOT; };
/* End PBXFileReference section */

/* Begin PBXFrameworksBuildPhase section */
		8032AF71154DA9A900FAAFB0 /* Frameworks */ = {
			isa = PBXFrameworksBuildPhase;
			buildActionMask = 2147483647;
			files = (
				8032AF99154DB7A100FAAFB0 /* SystemConfiguration.framework in Frameworks */,
				8032AF79154DA9A900FAAFB0 /* UIKit.framework in Frameworks */,
				8032AF7B154DA9A900FAAFB0 /* Foundation.framework in Frameworks */,
				8032AF7D154DA9A900FAAFB0 /* CoreGraphics.framework in Frameworks */,
			);
			runOnlyForDeploymentPostprocessing = 0;
		};
/* End PBXFrameworksBuildPhase section */

/* Begin PBXGroup section */
		8032AF69154DA9A800FAAFB0 = {
			isa = PBXGroup;
			children = (
				8032AF7E154DA9A900FAAFB0 /* AHReach */,
				8032AF77154DA9A900FAAFB0 /* Frameworks */,
				8032AF75154DA9A900FAAFB0 /* Products */,
			);
			sourceTree = "<group>";
		};
		8032AF75154DA9A900FAAFB0 /* Products */ = {
			isa = PBXGroup;
			children = (
				8032AF74154DA9A900FAAFB0 /* AHReach.app */,
			);
			name = Products;
			sourceTree = "<group>";
		};
		8032AF77154DA9A900FAAFB0 /* Frameworks */ = {
			isa = PBXGroup;
			children = (
				8032AF98154DB7A100FAAFB0 /* SystemConfiguration.framework */,
				8032AF78154DA9A900FAAFB0 /* UIKit.framework */,
				8032AF7A154DA9A900FAAFB0 /* Foundation.framework */,
				8032AF7C154DA9A900FAAFB0 /* CoreGraphics.framework */,
			);
			name = Frameworks;
			sourceTree = "<group>";
		};
		8032AF7E154DA9A900FAAFB0 /* AHReach */ = {
			isa = PBXGroup;
			children = (
				8032AF95154DA9DB00FAAFB0 /* AHReach.h */,
				8032AF96154DA9DB00FAAFB0 /* AHReach.m */,
				8032AF87154DA9A900FAAFB0 /* AHAppDelegate.h */,
				8032AF88154DA9A900FAAFB0 /* AHAppDelegate.m */,
				8032AF8A154DA9A900FAAFB0 /* AHViewController.h */,
				8032AF8B154DA9A900FAAFB0 /* AHViewController.m */,
				8032AF8D154DA9A900FAAFB0 /* AHViewController.xib */,
				8032AF7F154DA9A900FAAFB0 /* Supporting Files */,
			);
			path = AHReach;
			sourceTree = "<group>";
		};
		8032AF7F154DA9A900FAAFB0 /* Supporting Files */ = {
			isa = PBXGroup;
			children = (
				8032AF9A154DCB4200FAAFB0 /* Icon.png */,
				8032AF9B154DCB4200FAAFB0 /* Icon@2x.png */,
				8032AF80154DA9A900FAAFB0 /* AHReach-Info.plist */,
				8032AF81154DA9A900FAAFB0 /* InfoPlist.strings */,
				8032AF84154DA9A900FAAFB0 /* main.m */,
				8032AF86154DA9A900FAAFB0 /* AHReach-Prefix.pch */,
			);
			name = "Supporting Files";
			sourceTree = "<group>";
		};
/* End PBXGroup section */

/* Begin PBXNativeTarget section */
		8032AF73154DA9A900FAAFB0 /* AHReach */ = {
			isa = PBXNativeTarget;
			buildConfigurationList = 8032AF92154DA9A900FAAFB0 /* Build configuration list for PBXNativeTarget "AHReach" */;
			buildPhases = (
				8032AF70154DA9A900FAAFB0 /* Sources */,
				8032AF71154DA9A900FAAFB0 /* Frameworks */,
				8032AF72154DA9A900FAAFB0 /* Resources */,
			);
			buildRules = (
			);
			dependencies = (
			);
			name = AHReach;
			productName = AHReach;
			productReference = 8032AF74154DA9A900FAAFB0 /* AHReach.app */;
			productType = "com.apple.product-type.application";
		};
/* End PBXNativeTarget section */

/* Begin PBXProject section */
		8032AF6B154DA9A800FAAFB0 /* Project object */ = {
			isa = PBXProject;
			attributes = {
				CLASSPREFIX = AH;
				LastUpgradeCheck = 0430;
			};
			buildConfigurationList = 8032AF6E154DA9A800FAAFB0 /* Build configuration list for PBXProject "AHReach" */;
			compatibilityVersion = "Xcode 3.2";
			developmentRegion = English;
			hasScannedForEncodings = 0;
			knownRegions = (
				en,
			);
			mainGroup = 8032AF69154DA9A800FAAFB0;
			productRefGroup = 8032AF75154DA9A900FAAFB0 /* Products */;
			projectDirPath = "";
			projectRoot = "";
			targets = (
				8032AF73154DA9A900FAAFB0 /* AHReach */,
			);
		};
/* End PBXProject section */

/* Begin PBXResourcesBuildPhase section */
		8032AF72154DA9A900FAAFB0 /* Resources */ = {
			isa = PBXResourcesBuildPhase;
			buildActionMask = 2147483647;
			files = (
				8032AF83154DA9A900FAAFB0 /* InfoPlist.strings in Resources */,
				8032AF8F154DA9A900FAAFB0 /* AHViewController.xib in Resources */,
				8032AF9C154DCB4200FAAFB0 /* Icon.png in Resources */,
				8032AF9D154DCB4200FAAFB0 /* Icon@2x.png in Resources */,
			);
			runOnlyForDeploymentPostprocessing = 0;
		};
/* End PBXResourcesBuildPhase section */

/* Begin PBXSourcesBuildPhase section */
		8032AF70154DA9A900FAAFB0 /* Sources */ = {
			isa = PBXSourcesBuildPhase;
			buildActionMask = 2147483647;
			files = (
				8032AF85154DA9A900FAAFB0 /* main.m in Sources */,
				8032AF89154DA9A900FAAFB0 /* AHAppDelegate.m in Sources */,
				8032AF8C154DA9A900FAAFB0 /* AHViewController.m in Sources */,
				8032AF97154DA9DB00FAAFB0 /* AHReach.m in Sources */,
			);
			runOnlyForDeploymentPostprocessing = 0;
		};
/* End PBXSourcesBuildPhase section */

/* Begin PBXVariantGroup section */
		8032AF81154DA9A900FAAFB0 /* InfoPlist.strings */ = {
			isa = PBXVariantGroup;
			children = (
				8032AF82154DA9A900FAAFB0 /* en */,
			);
			name = InfoPlist.strings;
			sourceTree = "<group>";
		};
		8032AF8D154DA9A900FAAFB0 /* AHViewController.xib */ = {
			isa = PBXVariantGroup;
			children = (
				8032AF8E154DA9A900FAAFB0 /* en */,
			);
			name = AHViewController.xib;
			sourceTree = "<group>";
		};
/* End PBXVariantGroup section */

/* Begin XCBuildConfiguration section */
		8032AF90154DA9A900FAAFB0 /* Debug */ = {
			isa = XCBuildConfiguration;
			buildSettings = {
				ALWAYS_SEARCH_USER_PATHS = NO;
				ARCHS = "$(ARCHS_STANDARD_32_BIT)";
				CLANG_ENABLE_OBJC_ARC = YES;
				"CODE_SIGN_IDENTITY[sdk=iphoneos*]" = "iPhone Developer";
				COPY_PHASE_STRIP = NO;
				GCC_C_LANGUAGE_STANDARD = gnu99;
				GCC_DYNAMIC_NO_PIC = NO;
				GCC_OPTIMIZATION_LEVEL = 0;
				GCC_PREPROCESSOR_DEFINITIONS = (
					"DEBUG=1",
					"$(inherited)",
				);
				GCC_SYMBOLS_PRIVATE_EXTERN = NO;
				GCC_VERSION = com.apple.compilers.llvm.clang.1_0;
				GCC_WARN_ABOUT_RETURN_TYPE = YES;
				GCC_WARN_UNINITIALIZED_AUTOS = YES;
				GCC_WARN_UNUSED_VARIABLE = YES;
				IPHONEOS_DEPLOYMENT_TARGET = 5.1;
				SDKROOT = iphoneos;
			};
			name = Debug;
		};
		8032AF91154DA9A900FAAFB0 /* Release */ = {
			isa = XCBuildConfiguration;
			buildSettings = {
				ALWAYS_SEARCH_USER_PATHS = NO;
				ARCHS = "$(ARCHS_STANDARD_32_BIT)";
				CLANG_ENABLE_OBJC_ARC = YES;
				"CODE_SIGN_IDENTITY[sdk=iphoneos*]" = "iPhone Developer";
				COPY_PHASE_STRIP = YES;
				GCC_C_LANGUAGE_STANDARD = gnu99;
				GCC_VERSION = com.apple.compilers.llvm.clang.1_0;
				GCC_WARN_ABOUT_RETURN_TYPE = YES;
				GCC_WARN_UNINITIALIZED_AUTOS = YES;
				GCC_WARN_UNUSED_VARIABLE = YES;
				IPHONEOS_DEPLOYMENT_TARGET = 5.1;
				OTHER_CFLAGS = "-DNS_BLOCK_ASSERTIONS=1";
				SDKROOT = iphoneos;
				VALIDATE_PRODUCT = YES;
			};
			name = Release;
		};
		8032AF93154DA9A900FAAFB0 /* Debug */ = {
			isa = XCBuildConfiguration;
			buildSettings = {
				GCC_PRECOMPILE_PREFIX_HEADER = YES;
				GCC_PREFIX_HEADER = "AHReach/AHReach-Prefix.pch";
				INFOPLIST_FILE = "AHReach/AHReach-Info.plist";
				PRODUCT_NAME = "$(TARGET_NAME)";
				WRAPPER_EXTENSION = app;
			};
			name = Debug;
		};
		8032AF94154DA9A900FAAFB0 /* Release */ = {
			isa = XCBuildConfiguration;
			buildSettings = {
				GCC_PRECOMPILE_PREFIX_HEADER = YES;
				GCC_PREFIX_HEADER = "AHReach/AHReach-Prefix.pch";
				INFOPLIST_FILE = "AHReach/AHReach-Info.plist";
				PRODUCT_NAME = "$(TARGET_NAME)";
				WRAPPER_EXTENSION = app;
			};
			name = Release;
		};
/* End XCBuildConfiguration section */

/* Begin XCConfigurationList section */
		8032AF6E154DA9A800FAAFB0 /* Build configuration list for PBXProject "AHReach" */ = {
			isa = XCConfigurationList;
			buildConfigurations = (
				8032AF90154DA9A900FAAFB0 /* Debug */,
				8032AF91154DA9A900FAAFB0 /* Release */,
			);
			defaultConfigurationIsVisible = 0;
			defaultConfigurationName = Release;
		};
		8032AF92154DA9A900FAAFB0 /* Build configuration list for PBXNativeTarget "AHReach" */ = {
			isa = XCConfigurationList;
			buildConfigurations = (
				8032AF93154DA9A900FAAFB0 /* Debug */,
				8032AF94154DA9A900FAAFB0 /* Release */,
			);
			defaultConfigurationIsVisible = 0;
		};
/* End XCConfigurationList section */
	};
	rootObject = 8032AF6B154DA9A800FAAFB0 /* Project object */;
}
